
Microsoft Visual Studio Solution File, Format Version 12.00
# Visual Studio Version 17
VisualStudioVersion = 17.7.34024.191
MinimumVisualStudioVersion = 10.0.40219.1
Project("{9A19103F-16F7-4668-BE54-9A1E7A4F7556}") = "CommandBindingTest", "CommandBindingTest\CommandBindingTest.csproj", "{6221E33A-C4B8-41B0-8F4C-3954C30F7992}"
EndProject
Project("{9A19103F-16F7-4668-BE54-9A1E7A4F7556}") = "CommandBindingTest.Desktop", "CommandBindingTest.Desktop\CommandBindingTest.Desktop.csproj", "{A95061A4-8CFB-422E-B119-435E91BD5B67}"
EndProject
Global
	GlobalSection(SolutionConfigurationPlatforms) = preSolution
		Debug|Any CPU = Debug|Any CPU
		Release|Any CPU = Release|Any CPU
	EndGlobalSection
	GlobalSection(ProjectConfigurationPlatforms) = postSolution
		{6221E33A-C4B8-41B0-8F4C-3954C30F7992}.Debug|Any CPU.ActiveCfg = Debug|Any CPU
		{6221E33A-C4B8-41B0-8F4C-3954C30F7992}.Debug|Any CPU.Build.0 = Debug|Any CPU
		{6221E33A-C4B8-41B0-8F4C-3954C30F7992}.Release|Any CPU.ActiveCfg = Release|Any CPU
		{6221E33A-C4B8-41B0-8F4C-3954C30F7992}.Release|Any CPU.Build.0 = Release|Any CPU
		{A95061A4-8CFB-422E-B119-435E91BD5B67}.Debug|Any CPU.ActiveCfg = Debug|Any CPU
		{A95061A4-8CFB-422E-B119-435E91BD5B67}.Debug|Any CPU.Build.0 = Debug|Any CPU
		{A95061A4-8CFB-422E-B119-435E91BD5B67}.Release|Any CPU.ActiveCfg = Release|Any CPU
		{A95061A4-8CFB-422E-B119-435E91BD5B67}.Release|Any CPU.Build.0 = Release|Any CPU
	EndGlobalSection
	GlobalSection(SolutionProperties) = preSolution
		HideSolutionNode = FALSE
	EndGlobalSection
	GlobalSection(ExtensibilityGlobals) = postSolution
		SolutionGuid = {5C35FD5E-E708-4DE2-B1EC-3DDB78A72A98}
	EndGlobalSection
EndGlobal
